
Microsoft Visual Studio Solution File, Format Version 12.00
# Visual Studio Version 16
VisualStudioVersion = 16.0.28902.138
MinimumVisualStudioVersion = 10.0.40219.1
Project("{9A19103F-16F7-4668-BE54-9A1E7A4F7556}") = "MailerWeb.Server", "MailerWeb.Server\MailerWeb.Server.csproj", "{B18664AB-58A5-428B-B788-A3DF7BB0C35E}"
EndProject
Project("{9A19103F-16F7-4668-BE54-9A1E7A4F7556}") = "MailerWeb.Client", "MailerWeb.Client\MailerWeb.Client.csproj", "{9073E697-0E74-484E-BD9A-EB46FBFD4E72}"
EndProject
Project("{9A19103F-16F7-4668-BE54-9A1E7A4F7556}") = "MailerWeb.Shared", "MailerWeb.Shared\MailerWeb.Shared.csproj", "{8C88F5BA-2415-473D-BC6F-681354A3FC52}"
EndProject
Project("{9A19103F-16F7-4668-BE54-9A1E7A4F7556}") = "MailerWeb.DAL", "MailerWeb.DAL\MailerWeb.DAL.csproj", "{E1B3EFB8-FDB3-487C-984F-E9FFF611E128}"
EndProject
Global
	GlobalSection(SolutionConfigurationPlatforms) = preSolution
		Debug|Any CPU = Debug|Any CPU
		Release|Any CPU = Release|Any CPU
	EndGlobalSection
	GlobalSection(ProjectConfigurationPlatforms) = postSolution
		{B18664AB-58A5-428B-B788-A3DF7BB0C35E}.Debug|Any CPU.ActiveCfg = Debug|Any CPU
		{B18664AB-58A5-428B-B788-A3DF7BB0C35E}.Debug|Any CPU.Build.0 = Debug|Any CPU
		{B18664AB-58A5-428B-B788-A3DF7BB0C35E}.Release|Any CPU.ActiveCfg = Release|Any CPU
		{B18664AB-58A5-428B-B788-A3DF7BB0C35E}.Release|Any CPU.Build.0 = Release|Any CPU
		{9073E697-0E74-484E-BD9A-EB46FBFD4E72}.Debug|Any CPU.ActiveCfg = Debug|Any CPU
		{9073E697-0E74-484E-BD9A-EB46FBFD4E72}.Debug|Any CPU.Build.0 = Debug|Any CPU
		{9073E697-0E74-484E-BD9A-EB46FBFD4E72}.Release|Any CPU.ActiveCfg = Release|Any CPU
		{9073E697-0E74-484E-BD9A-EB46FBFD4E72}.Release|Any CPU.Build.0 = Release|Any CPU
		{8C88F5BA-2415-473D-BC6F-681354A3FC52}.Debug|Any CPU.ActiveCfg = Debug|Any CPU
		{8C88F5BA-2415-473D-BC6F-681354A3FC52}.Debug|Any CPU.Build.0 = Debug|Any CPU
		{8C88F5BA-2415-473D-BC6F-681354A3FC52}.Release|Any CPU.ActiveCfg = Release|Any CPU
		{8C88F5BA-2415-473D-BC6F-681354A3FC52}.Release|Any CPU.Build.0 = Release|Any CPU
		{E1B3EFB8-FDB3-487C-984F-E9FFF611E128}.Debug|Any CPU.ActiveCfg = Debug|Any CPU
		{E1B3EFB8-FDB3-487C-984F-E9FFF611E128}.Debug|Any CPU.Build.0 = Debug|Any CPU
		{E1B3EFB8-FDB3-487C-984F-E9FFF611E128}.Release|Any CPU.ActiveCfg = Release|Any CPU
		{E1B3EFB8-FDB3-487C-984F-E9FFF611E128}.Release|Any CPU.Build.0 = Release|Any CPU
	EndGlobalSection
	GlobalSection(SolutionProperties) = preSolution
		HideSolutionNode = FALSE
	EndGlobalSection
	GlobalSection(ExtensibilityGlobals) = postSolution
		SolutionGuid = {9D47F3AD-BA65-4945-9D9D-4105FE25D4B0}
	EndGlobalSection
EndGlobal
